// !$*UTF8*$!
{
	archiveVersion = 1;
	classes = {
	};
	objectVersion = 50;
	objects = {

/* Begin PBXBuildFile section */
		8CC841D32210EDA400DF42B7 /* AppDelegate.swift in Sources */ = {isa = PBXBuildFile; fileRef = 8CC841D22210EDA400DF42B7 /* AppDelegate.swift */; };
		8CC841D52210EDA400DF42B7 /* ViewController.swift in Sources */ = {isa = PBXBuildFile; fileRef = 8CC841D42210EDA400DF42B7 /* ViewController.swift */; };
		8CC841D82210EDA400DF42B7 /* Main.storyboard in Resources */ = {isa = PBXBuildFile; fileRef = 8CC841D62210EDA400DF42B7 /* Main.storyboard */; };
		8CC841DA2210EDA600DF42B7 /* Assets.xcassets in Resources */ = {isa = PBXBuildFile; fileRef = 8CC841D92210EDA600DF42B7 /* Assets.xcassets */; };
		8CC841DD2210EDA600DF42B7 /* LaunchScreen.storyboard in Resources */ = {isa = PBXBuildFile; fileRef = 8CC841DB2210EDA600DF42B7 /* LaunchScreen.storyboard */; };
		8CC841E82210EDA600DF42B7 /* PokedexTests.swift in Sources */ = {isa = PBXBuildFile; fileRef = 8CC841E72210EDA600DF42B7 /* PokedexTests.swift */; };
		8CC841F32210EDA600DF42B7 /* PokedexUITests.swift in Sources */ = {isa = PBXBuildFile; fileRef = 8CC841F22210EDA600DF42B7 /* PokedexUITests.swift */; };
/* End PBXBuildFile section */

/* Begin PBXContainerItemProxy section */
		8CC841E42210EDA600DF42B7 /* PBXContainerItemProxy */ = {
			isa = PBXContainerItemProxy;
			containerPortal = 8CC841C72210EDA400DF42B7 /* Project object */;
			proxyType = 1;
			remoteGlobalIDString = 8CC841CE2210EDA400DF42B7;
			remoteInfo = Pokedex;
		};
		8CC841EF2210EDA600DF42B7 /* PBXContainerItemProxy */ = {
			isa = PBXContainerItemProxy;
			containerPortal = 8CC841C72210EDA400DF42B7 /* Project object */;
			proxyType = 1;
			remoteGlobalIDString = 8CC841CE2210EDA400DF42B7;
			remoteInfo = Pokedex;
		};
/* End PBXContainerItemProxy section */

/* Begin PBXFileReference section */
		8CC841CF2210EDA400DF42B7 /* Pokedex.app */ = {isa = PBXFileReference; explicitFileType = wrapper.application; includeInIndex = 0; path = Pokedex.app; sourceTree = BUILT_PRODUCTS_DIR; };
		8CC841D22210EDA400DF42B7 /* AppDelegate.swift */ = {isa = PBXFileReference; lastKnownFileType = sourcecode.swift; path = AppDelegate.swift; sourceTree = "<group>"; };
		8CC841D42210EDA400DF42B7 /* ViewController.swift */ = {isa = PBXFileReference; lastKnownFileType = sourcecode.swift; path = ViewController.swift; sourceTree = "<group>"; };
		8CC841D72210EDA400DF42B7 /* Base */ = {isa = PBXFileReference; lastKnownFileType = file.storyboard; name = Base; path = Base.lproj/Main.storyboard; sourceTree = "<group>"; };
		8CC841D92210EDA600DF42B7 /* Assets.xcassets */ = {isa = PBXFileReference; lastKnownFileType = folder.assetcatalog; path = Assets.xcassets; sourceTree = "<group>"; };
		8CC841DC2210EDA600DF42B7 /* Base */ = {isa = PBXFileReference; lastKnownFileType = file.storyboard; name = Base; path = Base.lproj/LaunchScreen.storyboard; sourceTree = "<group>"; };
		8CC841DE2210EDA600DF42B7 /* Info.plist */ = {isa = PBXFileReference; lastKnownFileType = text.plist.xml; path = Info.plist; sourceTree = "<group>"; };
		8CC841E32210EDA600DF42B7 /* PokedexTests.xctest */ = {isa = PBXFileReference; explicitFileType = wrapper.cfbundle; includeInIndex = 0; path = PokedexTests.xctest; sourceTree = BUILT_PRODUCTS_DIR; };
		8CC841E72210EDA600DF42B7 /* PokedexTests.swift */ = {isa = PBXFileReference; lastKnownFileType = sourcecode.swift; path = PokedexTests.swift; sourceTree = "<group>"; };
		8CC841E92210EDA600DF42B7 /* Info.plist */ = {isa = PBXFileReference; lastKnownFileType = text.plist.xml; path = Info.plist; sourceTree = "<group>"; };
		8CC841EE2210EDA600DF42B7 /* PokedexUITests.xctest */ = {isa = PBXFileReference; explicitFileType = wrapper.cfbundle; includeInIndex = 0; path = PokedexUITests.xctest; sourceTree = BUILT_PRODUCTS_DIR; };
		8CC841F22210EDA600DF42B7 /* PokedexUITests.swift */ = {isa = PBXFileReference; lastKnownFileType = sourcecode.swift; path = PokedexUITests.swift; sourceTree = "<group>"; };
		8CC841F42210EDA600DF42B7 /* Info.plist */ = {isa = PBXFileReference; lastKnownFileType = text.plist.xml; path = Info.plist; sourceTree = "<group>"; };
/* End PBXFileReference section */

/* Begin PBXFrameworksBuildPhase section */
		8CC841CC2210EDA400DF42B7 /* Frameworks */ = {
			isa = PBXFrameworksBuildPhase;
			buildActionMask = 2147483647;
			files = (
			);
			runOnlyForDeploymentPostprocessing = 0;
		};
		8CC841E02210EDA600DF42B7 /* Frameworks */ = {
			isa = PBXFrameworksBuildPhase;
			buildActionMask = 2147483647;
			files = (
			);
			runOnlyForDeploymentPostprocessing = 0;
		};
		8CC841EB2210EDA600DF42B7 /* Frameworks */ = {
			isa = PBXFrameworksBuildPhase;
			buildActionMask = 2147483647;
			files = (
			);
			runOnlyForDeploymentPostprocessing = 0;
		};
/* End PBXFrameworksBuildPhase section */

/* Begin PBXGroup section */
		8CC841C62210EDA400DF42B7 = {
			isa = PBXGroup;
			children = (
				8CC841D12210EDA400DF42B7 /* Pokedex */,
				8CC841E62210EDA600DF42B7 /* PokedexTests */,
				8CC841F12210EDA600DF42B7 /* PokedexUITests */,
				8CC841D02210EDA400DF42B7 /* Products */,
			);
			sourceTree = "<group>";
		};
		8CC841D02210EDA400DF42B7 /* Products */ = {
			isa = PBXGroup;
			children = (
				8CC841CF2210EDA400DF42B7 /* Pokedex.app */,
				8CC841E32210EDA600DF42B7 /* PokedexTests.xctest */,
				8CC841EE2210EDA600DF42B7 /* PokedexUITests.xctest */,
			);
			name = Products;
			sourceTree = "<group>";
		};
		8CC841D12210EDA400DF42B7 /* Pokedex */ = {
			isa = PBXGroup;
			children = (
				8CC841D22210EDA400DF42B7 /* AppDelegate.swift */,
				8CC841D42210EDA400DF42B7 /* ViewController.swift */,
				8CC841D62210EDA400DF42B7 /* Main.storyboard */,
				8CC841D92210EDA600DF42B7 /* Assets.xcassets */,
				8CC841DB2210EDA600DF42B7 /* LaunchScreen.storyboard */,
				8CC841DE2210EDA600DF42B7 /* Info.plist */,
			);
			path = Pokedex;
			sourceTree = "<group>";
		};
		8CC841E62210EDA600DF42B7 /* PokedexTests */ = {
			isa = PBXGroup;
			children = (
				8CC841E72210EDA600DF42B7 /* PokedexTests.swift */,
				8CC841E92210EDA600DF42B7 /* Info.plist */,
			);
			path = PokedexTests;
			sourceTree = "<group>";
		};
		8CC841F12210EDA600DF42B7 /* PokedexUITests */ = {
			isa = PBXGroup;
			children = (
				8CC841F22210EDA600DF42B7 /* PokedexUITests.swift */,
				8CC841F42210EDA600DF42B7 /* Info.plist */,
			);
			path = PokedexUITests;
			sourceTree = "<group>";
		};
/* End PBXGroup section */

/* Begin PBXNativeTarget section */
		8CC841CE2210EDA400DF42B7 /* Pokedex */ = {
			isa = PBXNativeTarget;
			buildConfigurationList = 8CC841F72210EDA600DF42B7 /* Build configuration list for PBXNativeTarget "Pokedex" */;
			buildPhases = (
				8CC841CB2210EDA400DF42B7 /* Sources */,
				8CC841CC2210EDA400DF42B7 /* Frameworks */,
				8CC841CD2210EDA400DF42B7 /* Resources */,
			);
			buildRules = (
			);
			dependencies = (
			);
			name = Pokedex;
			productName = Pokedex;
			productReference = 8CC841CF2210EDA400DF42B7 /* Pokedex.app */;
			productType = "com.apple.product-type.application";
		};
		8CC841E22210EDA600DF42B7 /* PokedexTests */ = {
			isa = PBXNativeTarget;
			buildConfigurationList = 8CC841FA2210EDA600DF42B7 /* Build configuration list for PBXNativeTarget "PokedexTests" */;
			buildPhases = (
				8CC841DF2210EDA600DF42B7 /* Sources */,
				8CC841E02210EDA600DF42B7 /* Frameworks */,
				8CC841E12210EDA600DF42B7 /* Resources */,
			);
			buildRules = (
			);
			dependencies = (
				8CC841E52210EDA600DF42B7 /* PBXTargetDependency */,
			);
			name = PokedexTests;
			productName = PokedexTests;
			productReference = 8CC841E32210EDA600DF42B7 /* PokedexTests.xctest */;
			productType = "com.apple.product-type.bundle.unit-test";
		};
		8CC841ED2210EDA600DF42B7 /* PokedexUITests */ = {
			isa = PBXNativeTarget;
			buildConfigurationList = 8CC841FD2210EDA600DF42B7 /* Build configuration list for PBXNativeTarget "PokedexUITests" */;
			buildPhases = (
				8CC841EA2210EDA600DF42B7 /* Sources */,
				8CC841EB2210EDA600DF42B7 /* Frameworks */,
				8CC841EC2210EDA600DF42B7 /* Resources */,
			);
			buildRules = (
			);
			dependencies = (
				8CC841F02210EDA600DF42B7 /* PBXTargetDependency */,
			);
			name = PokedexUITests;
			productName = PokedexUITests;
			productReference = 8CC841EE2210EDA600DF42B7 /* PokedexUITests.xctest */;
			productType = "com.apple.product-type.bundle.ui-testing";
		};
/* End PBXNativeTarget section */

/* Begin PBXProject section */
		8CC841C72210EDA400DF42B7 /* Project object */ = {
			isa = PBXProject;
			attributes = {
				LastSwiftUpdateCheck = 1010;
				LastUpgradeCheck = 1010;
				ORGANIZATIONNAME = "Tyler Reinecke";
				TargetAttributes = {
					8CC841CE2210EDA400DF42B7 = {
						CreatedOnToolsVersion = 10.1;
					};
					8CC841E22210EDA600DF42B7 = {
						CreatedOnToolsVersion = 10.1;
						TestTargetID = 8CC841CE2210EDA400DF42B7;
					};
					8CC841ED2210EDA600DF42B7 = {
						CreatedOnToolsVersion = 10.1;
						TestTargetID = 8CC841CE2210EDA400DF42B7;
					};
				};
			};
			buildConfigurationList = 8CC841CA2210EDA400DF42B7 /* Build configuration list for PBXProject "Pokedex" */;
			compatibilityVersion = "Xcode 9.3";
			developmentRegion = en;
			hasScannedForEncodings = 0;
			knownRegions = (
				en,
				Base,
			);
			mainGroup = 8CC841C62210EDA400DF42B7;
			productRefGroup = 8CC841D02210EDA400DF42B7 /* Products */;
			projectDirPath = "";
			projectRoot = "";
			targets = (
				8CC841CE2210EDA400DF42B7 /* Pokedex */,
				8CC841E22210EDA600DF42B7 /* PokedexTests */,
				8CC841ED2210EDA600DF42B7 /* PokedexUITests */,
			);
		};
/* End PBXProject section */

/* Begin PBXResourcesBuildPhase section */
		8CC841CD2210EDA400DF42B7 /* Resources */ = {
			isa = PBXResourcesBuildPhase;
			buildActionMask = 2147483647;
			files = (
				8CC841DD2210EDA600DF42B7 /* LaunchScreen.storyboard in Resources */,
				8CC841DA2210EDA600DF42B7 /* Assets.xcassets in Resources */,
				8CC841D82210EDA400DF42B7 /* Main.storyboard in Resources */,
			);
			runOnlyForDeploymentPostprocessing = 0;
		};
		8CC841E12210EDA600DF42B7 /* Resources */ = {
			isa = PBXResourcesBuildPhase;
			buildActionMask = 2147483647;
			files = (
			);
			runOnlyForDeploymentPostprocessing = 0;
		};
		8CC841EC2210EDA600DF42B7 /* Resources */ = {
			isa = PBXResourcesBuildPhase;
			buildActionMask = 2147483647;
			files = (
			);
			runOnlyForDeploymentPostprocessing = 0;
		};
/* End PBXResourcesBuildPhase section */

/* Begin PBXSourcesBuildPhase section */
		8CC841CB2210EDA400DF42B7 /* Sources */ = {
			isa = PBXSourcesBuildPhase;
			buildActionMask = 2147483647;
			files = (
				8CC841D52210EDA400DF42B7 /* ViewController.swift in Sources */,
				8CC841D32210EDA400DF42B7 /* AppDelegate.swift in Sources */,
			);
			runOnlyForDeploymentPostprocessing = 0;
		};
		8CC841DF2210EDA600DF42B7 /* Sources */ = {
			isa = PBXSourcesBuildPhase;
			buildActionMask = 2147483647;
			files = (
				8CC841E82210EDA600DF42B7 /* PokedexTests.swift in Sources */,
			);
			runOnlyForDeploymentPostprocessing = 0;
		};
		8CC841EA2210EDA600DF42B7 /* Sources */ = {
			isa = PBXSourcesBuildPhase;
			buildActionMask = 2147483647;
			files = (
				8CC841F32210EDA600DF42B7 /* PokedexUITests.swift in Sources */,
			);
			runOnlyForDeploymentPostprocessing = 0;
		};
/* End PBXSourcesBuildPhase section */

/* Begin PBXTargetDependency section */
		8CC841E52210EDA600DF42B7 /* PBXTargetDependency */ = {
			isa = PBXTargetDependency;
			target = 8CC841CE2210EDA400DF42B7 /* Pokedex */;
			targetProxy = 8CC841E42210EDA600DF42B7 /* PBXContainerItemProxy */;
		};
		8CC841F02210EDA600DF42B7 /* PBXTargetDependency */ = {
			isa = PBXTargetDependency;
			target = 8CC841CE2210EDA400DF42B7 /* Pokedex */;
			targetProxy = 8CC841EF2210EDA600DF42B7 /* PBXContainerItemProxy */;
		};
/* End PBXTargetDependency section */

/* Begin PBXVariantGroup section */
		8CC841D62210EDA400DF42B7 /* Main.storyboard */ = {
			isa = PBXVariantGroup;
			children = (
				8CC841D72210EDA400DF42B7 /* Base */,
			);
			name = Main.storyboard;
			sourceTree = "<group>";
		};
		8CC841DB2210EDA600DF42B7 /* LaunchScreen.storyboard */ = {
			isa = PBXVariantGroup;
			children = (
				8CC841DC2210EDA600DF42B7 /* Base */,
			);
			name = LaunchScreen.storyboard;
			sourceTree = "<group>";
		};
/* End PBXVariantGroup section */

/* Begin XCBuildConfiguration section */
		8CC841F52210EDA600DF42B7 /* Debug */ = {
			isa = XCBuildConfiguration;
			buildSettings = {
				ALWAYS_SEARCH_USER_PATHS = NO;
				CLANG_ANALYZER_NONNULL = YES;
				CLANG_ANALYZER_NUMBER_OBJECT_CONVERSION = YES_AGGRESSIVE;
				CLANG_CXX_LANGUAGE_STANDARD = "gnu++14";
				CLANG_CXX_LIBRARY = "libc++";
				CLANG_ENABLE_MODULES = YES;
				CLANG_ENABLE_OBJC_ARC = YES;
				CLANG_ENABLE_OBJC_WEAK = YES;
				CLANG_WARN_BLOCK_CAPTURE_AUTORELEASING = YES;
				CLANG_WARN_BOOL_CONVERSION = YES;
				CLANG_WARN_COMMA = YES;
				CLANG_WARN_CONSTANT_CONVERSION = YES;
				CLANG_WARN_DEPRECATED_OBJC_IMPLEMENTATIONS = YES;
				CLANG_WARN_DIRECT_OBJC_ISA_USAGE = YES_ERROR;
				CLANG_WARN_DOCUMENTATION_COMMENTS = YES;
				CLANG_WARN_EMPTY_BODY = YES;
				CLANG_WARN_ENUM_CONVERSION = YES;
				CLANG_WARN_INFINITE_RECURSION = YES;
				CLANG_WARN_INT_CONVERSION = YES;
				CLANG_WARN_NON_LITERAL_NULL_CONVERSION = YES;
				CLANG_WARN_OBJC_IMPLICIT_RETAIN_SELF = YES;
				CLANG_WARN_OBJC_LITERAL_CONVERSION = YES;
				CLANG_WARN_OBJC_ROOT_CLASS = YES_ERROR;
				CLANG_WARN_RANGE_LOOP_ANALYSIS = YES;
				CLANG_WARN_STRICT_PROTOTYPES = YES;
				CLANG_WARN_SUSPICIOUS_MOVE = YES;
				CLANG_WARN_UNGUARDED_AVAILABILITY = YES_AGGRESSIVE;
				CLANG_WARN_UNREACHABLE_CODE = YES;
				CLANG_WARN__DUPLICATE_METHOD_MATCH = YES;
				CODE_SIGN_IDENTITY = "iPhone Developer";
				COPY_PHASE_STRIP = NO;
				DEBUG_INFORMATION_FORMAT = dwarf;
				ENABLE_STRICT_OBJC_MSGSEND = YES;
				ENABLE_TESTABILITY = YES;
				GCC_C_LANGUAGE_STANDARD = gnu11;
				GCC_DYNAMIC_NO_PIC = NO;
				GCC_NO_COMMON_BLOCKS = YES;
				GCC_OPTIMIZATION_LEVEL = 0;
				GCC_PREPROCESSOR_DEFINITIONS = (
					"DEBUG=1",
					"$(inherited)",
				);
				GCC_WARN_64_TO_32_BIT_CONVERSION = YES;
				GCC_WARN_ABOUT_RETURN_TYPE = YES_ERROR;
				GCC_WARN_UNDECLARED_SELECTOR = YES;
				GCC_WARN_UNINITIALIZED_AUTOS = YES_AGGRESSIVE;
				GCC_WARN_UNUSED_FUNCTION = YES;
				GCC_WARN_UNUSED_VARIABLE = YES;
				IPHONEOS_DEPLOYMENT_TARGET = 12.1;
				MTL_ENABLE_DEBUG_INFO = INCLUDE_SOURCE;
				MTL_FAST_MATH = YES;
				ONLY_ACTIVE_ARCH = YES;
				SDKROOT = iphoneos;
				SWIFT_ACTIVE_COMPILATION_CONDITIONS = DEBUG;
				SWIFT_OPTIMIZATION_LEVEL = "-Onone";
			};
			name = Debug;
		};
		8CC841F62210EDA600DF42B7 /* Release */ = {
			isa = XCBuildConfiguration;
			buildSettings = {
				ALWAYS_SEARCH_USER_PATHS = NO;
				CLANG_ANALYZER_NONNULL = YES;
				CLANG_ANALYZER_NUMBER_OBJECT_CONVERSION = YES_AGGRESSIVE;
				CLANG_CXX_LANGUAGE_STANDARD = "gnu++14";
				CLANG_CXX_LIBRARY = "libc++";
				CLANG_ENABLE_MODULES = YES;
				CLANG_ENABLE_OBJC_ARC = YES;
				CLANG_ENABLE_OBJC_WEAK = YES;
				CLANG_WARN_BLOCK_CAPTURE_AUTORELEASING = YES;
				CLANG_WARN_BOOL_CONVERSION = YES;
				CLANG_WARN_COMMA = YES;
				CLANG_WARN_CONSTANT_CONVERSION = YES;
				CLANG_WARN_DEPRECATED_OBJC_IMPLEMENTATIONS = YES;
				CLANG_WARN_DIRECT_OBJC_ISA_USAGE = YES_ERROR;
				CLANG_WARN_DOCUMENTATION_COMMENTS = YES;
				CLANG_WARN_EMPTY_BODY = YES;
				CLANG_WARN_ENUM_CONVERSION = YES;
				CLANG_WARN_INFINITE_RECURSION = YES;
				CLANG_WARN_INT_CONVERSION = YES;
				CLANG_WARN_NON_LITERAL_NULL_CONVERSION = YES;
				CLANG_WARN_OBJC_IMPLICIT_RETAIN_SELF = YES;
				CLANG_WARN_OBJC_LITERAL_CONVERSION = YES;
				CLANG_WARN_OBJC_ROOT_CLASS = YES_ERROR;
				CLANG_WARN_RANGE_LOOP_ANALYSIS = YES;
				CLANG_WARN_STRICT_PROTOTYPES = YES;
				CLANG_WARN_SUSPICIOUS_MOVE = YES;
				CLANG_WARN_UNGUARDED_AVAILABILITY = YES_AGGRESSIVE;
				CLANG_WARN_UNREACHABLE_CODE = YES;
				CLANG_WARN__DUPLICATE_METHOD_MATCH = YES;
				CODE_SIGN_IDENTITY = "iPhone Developer";
				COPY_PHASE_STRIP = NO;
				DEBUG_INFORMATION_FORMAT = "dwarf-with-dsym";
				ENABLE_NS_ASSERTIONS = NO;
				ENABLE_STRICT_OBJC_MSGSEND = YES;
				GCC_C_LANGUAGE_STANDARD = gnu11;
				GCC_NO_COMMON_BLOCKS = YES;
				GCC_WARN_64_TO_32_BIT_CONVERSION = YES;
				GCC_WARN_ABOUT_RETURN_TYPE = YES_ERROR;
				GCC_WARN_UNDECLARED_SELECTOR = YES;
				GCC_WARN_UNINITIALIZED_AUTOS = YES_AGGRESSIVE;
				GCC_WARN_UNUSED_FUNCTION = YES;
				GCC_WARN_UNUSED_VARIABLE = YES;
				IPHONEOS_DEPLOYMENT_TARGET = 12.1;
				MTL_ENABLE_DEBUG_INFO = NO;
				MTL_FAST_MATH = YES;
				SDKROOT = iphoneos;
				SWIFT_COMPILATION_MODE = wholemodule;
				SWIFT_OPTIMIZATION_LEVEL = "-O";
				VALIDATE_PRODUCT = YES;
			};
			name = Release;
		};
		8CC841F82210EDA600DF42B7 /* Debug */ = {
			isa = XCBuildConfiguration;
			buildSettings = {
				ASSETCATALOG_COMPILER_APPICON_NAME = AppIcon;
				CODE_SIGN_STYLE = Automatic;
				DEVELOPMENT_TEAM = X25TNKD63H;
				INFOPLIST_FILE = Pokedex/Info.plist;
				LD_RUNPATH_SEARCH_PATHS = (
					"$(inherited)",
					"@executable_path/Frameworks",
				);
				PRODUCT_BUNDLE_IDENTIFIER = Tyler.Pokedex;
				PRODUCT_NAME = "$(TARGET_NAME)";
				SWIFT_VERSION = 4.2;
				TARGETED_DEVICE_FAMILY = "1,2";
			};
			name = Debug;
		};
		8CC841F92210EDA600DF42B7 /* Release */ = {
			isa = XCBuildConfiguration;
			buildSettings = {
				ASSETCATALOG_COMPILER_APPICON_NAME = AppIcon;
				CODE_SIGN_STYLE = Automatic;
				DEVELOPMENT_TEAM = X25TNKD63H;
				INFOPLIST_FILE = Pokedex/Info.plist;
				LD_RUNPATH_SEARCH_PATHS = (
					"$(inherited)",
					"@executable_path/Frameworks",
				);
				PRODUCT_BUNDLE_IDENTIFIER = Tyler.Pokedex;
				PRODUCT_NAME = "$(TARGET_NAME)";
				SWIFT_VERSION = 4.2;
				TARGETED_DEVICE_FAMILY = "1,2";
			};
			name = Release;
		};
		8CC841FB2210EDA600DF42B7 /* Debug */ = {
			isa = XCBuildConfiguration;
			buildSettings = {
				ALWAYS_EMBED_SWIFT_STANDARD_LIBRARIES = YES;
				BUNDLE_LOADER = "$(TEST_HOST)";
				CODE_SIGN_STYLE = Automatic;
				DEVELOPMENT_TEAM = X25TNKD63H;
				INFOPLIST_FILE = PokedexTests/Info.plist;
				LD_RUNPATH_SEARCH_PATHS = (
					"$(inherited)",
					"@executable_path/Frameworks",
					"@loader_path/Frameworks",
				);
				PRODUCT_BUNDLE_IDENTIFIER = Tyler.PokedexTests;
				PRODUCT_NAME = "$(TARGET_NAME)";
				SWIFT_VERSION = 4.2;
				TARGETED_DEVICE_FAMILY = "1,2";
				TEST_HOST = "$(BUILT_PRODUCTS_DIR)/Pokedex.app/Pokedex";
			};
			name = Debug;
		};
		8CC841FC2210EDA600DF42B7 /* Release */ = {
			isa = XCBuildConfiguration;
			buildSettings = {
				ALWAYS_EMBED_SWIFT_STANDARD_LIBRARIES = YES;
				BUNDLE_LOADER = "$(TEST_HOST)";
				CODE_SIGN_STYLE = Automatic;
				DEVELOPMENT_TEAM = X25TNKD63H;
				INFOPLIST_FILE = PokedexTests/Info.plist;
				LD_RUNPATH_SEARCH_PATHS = (
					"$(inherited)",
					"@executable_path/Frameworks",
					"@loader_path/Frameworks",
				);
				PRODUCT_BUNDLE_IDENTIFIER = Tyler.PokedexTests;
				PRODUCT_NAME = "$(TARGET_NAME)";
				SWIFT_VERSION = 4.2;
				TARGETED_DEVICE_FAMILY = "1,2";
				TEST_HOST = "$(BUILT_PRODUCTS_DIR)/Pokedex.app/Pokedex";
			};
			name = Release;
		};
		8CC841FE2210EDA600DF42B7 /* Debug */ = {
			isa = XCBuildConfiguration;
			buildSettings = {
				ALWAYS_EMBED_SWIFT_STANDARD_LIBRARIES = YES;
				CODE_SIGN_STYLE = Automatic;
				DEVELOPMENT_TEAM = X25TNKD63H;
				INFOPLIST_FILE = PokedexUITests/Info.plist;
				LD_RUNPATH_SEARCH_PATHS = (
					"$(inherited)",
					"@executable_path/Frameworks",
					"@loader_path/Frameworks",
				);
				PRODUCT_BUNDLE_IDENTIFIER = Tyler.PokedexUITests;
				PRODUCT_NAME = "$(TARGET_NAME)";
				SWIFT_VERSION = 4.2;
				TARGETED_DEVICE_FAMILY = "1,2";
				TEST_TARGET_NAME = Pokedex;
			};
			name = Debug;
		};
		8CC841FF2210EDA600DF42B7 /* Release */ = {
			isa = XCBuildConfiguration;
			buildSettings = {
				ALWAYS_EMBED_SWIFT_STANDARD_LIBRARIES = YES;
				CODE_SIGN_STYLE = Automatic;
				DEVELOPMENT_TEAM = X25TNKD63H;
				INFOPLIST_FILE = PokedexUITests/Info.plist;
				LD_RUNPATH_SEARCH_PATHS = (
					"$(inherited)",
					"@executable_path/Frameworks",
					"@loader_path/Frameworks",
				);
				PRODUCT_BUNDLE_IDENTIFIER = Tyler.PokedexUITests;
				PRODUCT_NAME = "$(TARGET_NAME)";
				SWIFT_VERSION = 4.2;
				TARGETED_DEVICE_FAMILY = "1,2";
				TEST_TARGET_NAME = Pokedex;
			};
			name = Release;
		};
/* End XCBuildConfiguration section */

/* Begin XCConfigurationList section */
		8CC841CA2210EDA400DF42B7 /* Build configuration list for PBXProject "Pokedex" */ = {
			isa = XCConfigurationList;
			buildConfigurations = (
				8CC841F52210EDA600DF42B7 /* Debug */,
				8CC841F62210EDA600DF42B7 /* Release */,
			);
			defaultConfigurationIsVisible = 0;
			defaultConfigurationName = Release;
		};
		8CC841F72210EDA600DF42B7 /* Build configuration list for PBXNativeTarget "Pokedex" */ = {
			isa = XCConfigurationList;
			buildConfigurations = (
				8CC841F82210EDA600DF42B7 /* Debug */,
				8CC841F92210EDA600DF42B7 /* Release */,
			);
			defaultConfigurationIsVisible = 0;
			defaultConfigurationName = Release;
		};
		8CC841FA2210EDA600DF42B7 /* Build configuration list for PBXNativeTarget "PokedexTests" */ = {
			isa = XCConfigurationList;
			buildConfigurations = (
				8CC841FB2210EDA600DF42B7 /* Debug */,
				8CC841FC2210EDA600DF42B7 /* Release */,
			);
			defaultConfigurationIsVisible = 0;
			defaultConfigurationName = Release;
		};
		8CC841FD2210EDA600DF42B7 /* Build configuration list for PBXNativeTarget "PokedexUITests" */ = {
			isa = XCConfigurationList;
			buildConfigurations = (
				8CC841FE2210EDA600DF42B7 /* Debug */,
				8CC841FF2210EDA600DF42B7 /* Release */,
			);
			defaultConfigurationIsVisible = 0;
			defaultConfigurationName = Release;
		};
/* End XCConfigurationList section */
	};
	rootObject = 8CC841C72210EDA400DF42B7 /* Project object */;
}
